// !$*UTF8*$!
{
	archiveVersion = 1;
	classes = {
	};
	objectVersion = 46;
	objects = {

/* Begin PBXBuildFile section */
		2A4DBAFC5FF8C80210038275 /* StationsRouter.swift in Sources */ = {isa = PBXBuildFile; fileRef = 45B1C5DB440E92A9B76C3E7A /* StationsRouter.swift */; };
		3CCAE1BC14640194BAFE7C68 /* Pods_hire_ios_test.framework in Frameworks */ = {isa = PBXBuildFile; fileRef = C35C81A76C0408D679E6D1C5 /* Pods_hire_ios_test.framework */; };
		3D9FDFF702157E688CC8A363 /* ScheduleInteractorOutput.swift in Sources */ = {isa = PBXBuildFile; fileRef = E41A13D5C4595C5CDF8F6469 /* ScheduleInteractorOutput.swift */; };
		4581F3911CC37B59D24D0CC9 /* StationsInteractorInput.swift in Sources */ = {isa = PBXBuildFile; fileRef = 81B5BF3E44B67CB64C232AB4 /* StationsInteractorInput.swift */; };
		4B21617F619FB4433293DBA0 /* StationsViewOutput.swift in Sources */ = {isa = PBXBuildFile; fileRef = C64A8678674EBED2BE504ACE /* StationsViewOutput.swift */; };
		4CC083BF26F3D8E2D63D8953 /* DetailStationPresenter.swift in Sources */ = {isa = PBXBuildFile; fileRef = FD18B44433FBE6483719B5F2 /* DetailStationPresenter.swift */; };
		675DD0AA05BB3D667791925F /* ScheduleViewInput.swift in Sources */ = {isa = PBXBuildFile; fileRef = F1B2D7CAEAE547B52E48C22F /* ScheduleViewInput.swift */; };
		6AADE6EA96A8A0DD47FEDE53 /* StationsPresenter.swift in Sources */ = {isa = PBXBuildFile; fileRef = 9FA349CF837998EF72C659A5 /* StationsPresenter.swift */; };
		6BFAD0849949A84FA7DA42C3 /* DetailStationAssembly.swift in Sources */ = {isa = PBXBuildFile; fileRef = 9FE1BB9B5DA885491949DA1A /* DetailStationAssembly.swift */; };
		7B7A1A7B1FB61C17C42B82D1 /* DetailStationViewOutput.swift in Sources */ = {isa = PBXBuildFile; fileRef = 8124D7C3D40732956B13E752 /* DetailStationViewOutput.swift */; };
		806E76CB4ECAFD497D82863E /* ScheduleInteractor.swift in Sources */ = {isa = PBXBuildFile; fileRef = 5649AD7EC85F55A10E437996 /* ScheduleInteractor.swift */; };
		861286C41B16D4B489A9F3FC /* ScheduleAssembly.swift in Sources */ = {isa = PBXBuildFile; fileRef = 30AF946A11A69199A332B232 /* ScheduleAssembly.swift */; };
		86889317220693828AC88ED5 /* DetailStationRouterTests.swift in Sources */ = {isa = PBXBuildFile; fileRef = 75B244EDDD92FC711FE1273A /* DetailStationRouterTests.swift */; };
		8ADC89E572FE660470F483B9 /* DetailStationViewTests.swift in Sources */ = {isa = PBXBuildFile; fileRef = 9E46888426FF31F45AEF3F92 /* DetailStationViewTests.swift */; };
		937F1708B16717DF46774E62 /* DetailStationViewInput.swift in Sources */ = {isa = PBXBuildFile; fileRef = 53252DE5B64797EF48B7F0FC /* DetailStationViewInput.swift */; };
		9714130865910ACC4448F8D6 /* ScheduleViewOutput.swift in Sources */ = {isa = PBXBuildFile; fileRef = 4396446D4FED5ABA095FDD71 /* ScheduleViewOutput.swift */; };
		9EFB7234774105F07F8F800C /* DetailStationConfiguratorTests.swift in Sources */ = {isa = PBXBuildFile; fileRef = 8BE0B097397C6B78B113F6F2 /* DetailStationConfiguratorTests.swift */; };
		A542718498C4C1AA0CAE30BF /* DetailStationViewController.swift in Sources */ = {isa = PBXBuildFile; fileRef = 980BA8A66248E87BF8AD95A0 /* DetailStationViewController.swift */; };
		A610194B0D8C135447B89D98 /* StationsRouterInput.swift in Sources */ = {isa = PBXBuildFile; fileRef = 7349CD218A14337696CAE4A9 /* StationsRouterInput.swift */; };
		B28820E435AC7EA420AB341D /* StationsAssembly.swift in Sources */ = {isa = PBXBuildFile; fileRef = 44ADE31FF48A4FA25A683236 /* StationsAssembly.swift */; };
		B770313F4F535C9534E89868 /* SchedulePresenter.swift in Sources */ = {isa = PBXBuildFile; fileRef = 93A5C3B48639FEDC849081EB /* SchedulePresenter.swift */; };
		BC3DE2631D7327EE007580DE /* StationsDisplayManager.swift in Sources */ = {isa = PBXBuildFile; fileRef = BC3DE2621D7327EE007580DE /* StationsDisplayManager.swift */; };
		BC3DE2651D736941007580DE /* StationsModuleOutput.swift in Sources */ = {isa = PBXBuildFile; fileRef = BC3DE2641D736941007580DE /* StationsModuleOutput.swift */; };
		BC3DE2691D73803D007580DE /* ScheduleModuleInput.swift in Sources */ = {isa = PBXBuildFile; fileRef = BC3DE2681D73803D007580DE /* ScheduleModuleInput.swift */; };
		BC690F58B22D2E6324224177 /* StationsViewInput.swift in Sources */ = {isa = PBXBuildFile; fileRef = EE96D64CE46298AA0480B138 /* StationsViewInput.swift */; };
		BC6CB8A91D72DC9E00DFB036 /* allStations.json in Resources */ = {isa = PBXBuildFile; fileRef = BC6CB8A81D72DC9E00DFB036 /* allStations.json */; };
		BC6CB8B01D72E16700DFB036 /* ArraysCities.swift in Sources */ = {isa = PBXBuildFile; fileRef = BC6CB8AF1D72E16700DFB036 /* ArraysCities.swift */; };
		BC6CB8B21D72E1E500DFB036 /* Station.swift in Sources */ = {isa = PBXBuildFile; fileRef = BC6CB8B11D72E1E500DFB036 /* Station.swift */; };
		BC6CB8B41D72E1FF00DFB036 /* CoordinatePoint.swift in Sources */ = {isa = PBXBuildFile; fileRef = BC6CB8B31D72E1FF00DFB036 /* CoordinatePoint.swift */; };
		BC6CB8B61D72E40100DFB036 /* City.swift in Sources */ = {isa = PBXBuildFile; fileRef = BC6CB8B51D72E40100DFB036 /* City.swift */; };
		BC6CB8BA1D72F34100DFB036 /* StationRepositoryType.swift in Sources */ = {isa = PBXBuildFile; fileRef = BC6CB8B91D72F34100DFB036 /* StationRepositoryType.swift */; };
		BC6CB8BC1D72F3BF00DFB036 /* StationRepository.swift in Sources */ = {isa = PBXBuildFile; fileRef = BC6CB8BB1D72F3BF00DFB036 /* StationRepository.swift */; };
		BC6CB8BE1D72F7F000DFB036 /* StationServiceType.swift in Sources */ = {isa = PBXBuildFile; fileRef = BC6CB8BD1D72F7F000DFB036 /* StationServiceType.swift */; };
		BC6CB8C01D72F85200DFB036 /* StationService.swift in Sources */ = {isa = PBXBuildFile; fileRef = BC6CB8BF1D72F85200DFB036 /* StationService.swift */; };
		BC6CB8C31D72F94100DFB036 /* ModelAssembly.swift in Sources */ = {isa = PBXBuildFile; fileRef = BC6CB8C21D72F94100DFB036 /* ModelAssembly.swift */; };
		BCA7F38D1D721438009A7786 /* SwinjectStoryboard.swift in Sources */ = {isa = PBXBuildFile; fileRef = BCA7F38C1D721438009A7786 /* SwinjectStoryboard.swift */; };
		BCA7F3931D721468009A7786 /* ModuleInput.swift in Sources */ = {isa = PBXBuildFile; fileRef = BCA7F38E1D721468009A7786 /* ModuleInput.swift */; };
		BCA7F3941D721468009A7786 /* ModuleInputProvider.swift in Sources */ = {isa = PBXBuildFile; fileRef = BCA7F38F1D721468009A7786 /* ModuleInputProvider.swift */; };
		BCA7F3951D721468009A7786 /* TransitionHandler.swift in Sources */ = {isa = PBXBuildFile; fileRef = BCA7F3901D721468009A7786 /* TransitionHandler.swift */; };
		BCA7F3961D721468009A7786 /* UIViewController+TransitionHandler.swift in Sources */ = {isa = PBXBuildFile; fileRef = BCA7F3911D721468009A7786 /* UIViewController+TransitionHandler.swift */; };
		BCA7F3971D721468009A7786 /* ViewInput.swift in Sources */ = {isa = PBXBuildFile; fileRef = BCA7F3921D721468009A7786 /* ViewInput.swift */; };
		BCA7F39A1D7214BD009A7786 /* UIViewController+showAlertView.swift in Sources */ = {isa = PBXBuildFile; fileRef = BCA7F3991D7214BD009A7786 /* UIViewController+showAlertView.swift */; };
		BCE3A06F1D71E1EB004DAB2A /* AppDelegate.swift in Sources */ = {isa = PBXBuildFile; fileRef = BCE3A06E1D71E1EB004DAB2A /* AppDelegate.swift */; };
		BCE3A0741D71E1EB004DAB2A /* Main.storyboard in Resources */ = {isa = PBXBuildFile; fileRef = BCE3A0721D71E1EB004DAB2A /* Main.storyboard */; };
		BCE3A0761D71E1EB004DAB2A /* Assets.xcassets in Resources */ = {isa = PBXBuildFile; fileRef = BCE3A0751D71E1EB004DAB2A /* Assets.xcassets */; };
		BCE3A0791D71E1EB004DAB2A /* LaunchScreen.storyboard in Resources */ = {isa = PBXBuildFile; fileRef = BCE3A0771D71E1EB004DAB2A /* LaunchScreen.storyboard */; };
		BCE3A0841D71E1EC004DAB2A /* hire_ios_testTests.swift in Sources */ = {isa = PBXBuildFile; fileRef = BCE3A0831D71E1EC004DAB2A /* hire_ios_testTests.swift */; };
		C250F69FC764B509DB4FB07E /* ScheduleViewController.swift in Sources */ = {isa = PBXBuildFile; fileRef = 73C4F6861455A2BEBD905A9D /* ScheduleViewController.swift */; };
		C4BDC3782124FF984B267231 /* StationsInteractor.swift in Sources */ = {isa = PBXBuildFile; fileRef = 1FDBCEFCBAC9745FE7A6E563 /* StationsInteractor.swift */; };
		CE5F0BEE6082FD8CEBF50B76 /* ScheduleInteractorInput.swift in Sources */ = {isa = PBXBuildFile; fileRef = 9F94BE40D3C1342B68B33DC7 /* ScheduleInteractorInput.swift */; };
		D37E8FC3AF22D035A543E224 /* Pods_hire_ios_testTests.framework in Frameworks */ = {isa = PBXBuildFile; fileRef = 6D302D4C9BF599868FA58EBC /* Pods_hire_ios_testTests.framework */; };
		D69C28127302A079D37888BB /* ScheduleRouter.swift in Sources */ = {isa = PBXBuildFile; fileRef = EF126AD233F588926DB51BD6 /* ScheduleRouter.swift */; };
		DC1133C1DA7D3913480F545F /* DetailStationModuleInput.swift in Sources */ = {isa = PBXBuildFile; fileRef = B21E0AD75834F567A65A5BA1 /* DetailStationModuleInput.swift */; };
		E3D99BA4E52BDD7D3DA7D734 /* ScheduleRouterInput.swift in Sources */ = {isa = PBXBuildFile; fileRef = 4CD299736B93A4B3B81CA209 /* ScheduleRouterInput.swift */; };
		E76F2F0F36C6696114554187 /* StationsModuleInput.swift in Sources */ = {isa = PBXBuildFile; fileRef = E0721644DEDEE420574C1DFB /* StationsModuleInput.swift */; };
		F5AAA7839BACCCA480552543 /* DetailStationInteractorTests.swift in Sources */ = {isa = PBXBuildFile; fileRef = A6ADBBEF607B65E4401E3A50 /* DetailStationInteractorTests.swift */; };
		F6E0BC25C421E49A2D126AD3 /* StationsViewController.swift in Sources */ = {isa = PBXBuildFile; fileRef = C32BA1899431311AFC5C6E50 /* StationsViewController.swift */; };
		F76A59C49A122B12D7E57ACE /* DetailStationPresenterTests.swift in Sources */ = {isa = PBXBuildFile; fileRef = EED6B5A93227907762DF31F0 /* DetailStationPresenterTests.swift */; };
/* End PBXBuildFile section */

/* Begin PBXContainerItemProxy section */
		BCE3A0801D71E1EC004DAB2A /* PBXContainerItemProxy */ = {
			isa = PBXContainerItemProxy;
			containerPortal = BCE3A0631D71E1EB004DAB2A /* Project object */;
			proxyType = 1;
			remoteGlobalIDString = BCE3A06A1D71E1EB004DAB2A;
			remoteInfo = "hire-ios-test";
		};
/* End PBXContainerItemProxy section */

/* Begin PBXFileReference section */
		1FDBCEFCBAC9745FE7A6E563 /* StationsInteractor.swift */ = {isa = PBXFileReference; includeInIndex = 1; lastKnownFileType = sourcecode.swift; path = StationsInteractor.swift; sourceTree = "<group>"; };
		216832974D76723DE0CD00D7 /* Pods-hire-ios-testTests.release.xcconfig */ = {isa = PBXFileReference; includeInIndex = 1; lastKnownFileType = text.xcconfig; name = "Pods-hire-ios-testTests.release.xcconfig"; path = "Pods/Target Support Files/Pods-hire-ios-testTests/Pods-hire-ios-testTests.release.xcconfig"; sourceTree = "<group>"; };
		30AF946A11A69199A332B232 /* ScheduleAssembly.swift */ = {isa = PBXFileReference; includeInIndex = 1; lastKnownFileType = sourcecode.swift; path = ScheduleAssembly.swift; sourceTree = "<group>"; };
		38832E0037201985D734B95E /* Pods-hire-ios-testTests.debug.xcconfig */ = {isa = PBXFileReference; includeInIndex = 1; lastKnownFileType = text.xcconfig; name = "Pods-hire-ios-testTests.debug.xcconfig"; path = "Pods/Target Support Files/Pods-hire-ios-testTests/Pods-hire-ios-testTests.debug.xcconfig"; sourceTree = "<group>"; };
		4396446D4FED5ABA095FDD71 /* ScheduleViewOutput.swift */ = {isa = PBXFileReference; includeInIndex = 1; lastKnownFileType = sourcecode.swift; path = ScheduleViewOutput.swift; sourceTree = "<group>"; };
		44ADE31FF48A4FA25A683236 /* StationsAssembly.swift */ = {isa = PBXFileReference; includeInIndex = 1; lastKnownFileType = sourcecode.swift; path = StationsAssembly.swift; sourceTree = "<group>"; };
		45B1C5DB440E92A9B76C3E7A /* StationsRouter.swift */ = {isa = PBXFileReference; includeInIndex = 1; lastKnownFileType = sourcecode.swift; path = StationsRouter.swift; sourceTree = "<group>"; };
		4CD299736B93A4B3B81CA209 /* ScheduleRouterInput.swift */ = {isa = PBXFileReference; includeInIndex = 1; lastKnownFileType = sourcecode.swift; path = ScheduleRouterInput.swift; sourceTree = "<group>"; };
		53252DE5B64797EF48B7F0FC /* DetailStationViewInput.swift */ = {isa = PBXFileReference; includeInIndex = 1; lastKnownFileType = sourcecode.swift; path = DetailStationViewInput.swift; sourceTree = "<group>"; };
		5649AD7EC85F55A10E437996 /* ScheduleInteractor.swift */ = {isa = PBXFileReference; includeInIndex = 1; lastKnownFileType = sourcecode.swift; path = ScheduleInteractor.swift; sourceTree = "<group>"; };
		6D302D4C9BF599868FA58EBC /* Pods_hire_ios_testTests.framework */ = {isa = PBXFileReference; explicitFileType = wrapper.framework; includeInIndex = 0; path = Pods_hire_ios_testTests.framework; sourceTree = BUILT_PRODUCTS_DIR; };
		7349CD218A14337696CAE4A9 /* StationsRouterInput.swift */ = {isa = PBXFileReference; includeInIndex = 1; lastKnownFileType = sourcecode.swift; path = StationsRouterInput.swift; sourceTree = "<group>"; };
		73C4F6861455A2BEBD905A9D /* ScheduleViewController.swift */ = {isa = PBXFileReference; includeInIndex = 1; lastKnownFileType = sourcecode.swift; path = ScheduleViewController.swift; sourceTree = "<group>"; };
		75B244EDDD92FC711FE1273A /* DetailStationRouterTests.swift */ = {isa = PBXFileReference; includeInIndex = 1; lastKnownFileType = sourcecode.swift; path = DetailStationRouterTests.swift; sourceTree = "<group>"; };
		8124D7C3D40732956B13E752 /* DetailStationViewOutput.swift */ = {isa = PBXFileReference; includeInIndex = 1; lastKnownFileType = sourcecode.swift; path = DetailStationViewOutput.swift; sourceTree = "<group>"; };
		81B5BF3E44B67CB64C232AB4 /* StationsInteractorInput.swift */ = {isa = PBXFileReference; includeInIndex = 1; lastKnownFileType = sourcecode.swift; path = StationsInteractorInput.swift; sourceTree = "<group>"; };
		8BE0B097397C6B78B113F6F2 /* DetailStationConfiguratorTests.swift */ = {isa = PBXFileReference; includeInIndex = 1; lastKnownFileType = sourcecode.swift; path = DetailStationConfiguratorTests.swift; sourceTree = "<group>"; };
		93A5C3B48639FEDC849081EB /* SchedulePresenter.swift */ = {isa = PBXFileReference; includeInIndex = 1; lastKnownFileType = sourcecode.swift; path = SchedulePresenter.swift; sourceTree = "<group>"; };
		980BA8A66248E87BF8AD95A0 /* DetailStationViewController.swift */ = {isa = PBXFileReference; includeInIndex = 1; lastKnownFileType = sourcecode.swift; path = DetailStationViewController.swift; sourceTree = "<group>"; };
		9BD8E9AB855D0932FD37D069 /* Pods-hire-ios-test.release.xcconfig */ = {isa = PBXFileReference; includeInIndex = 1; lastKnownFileType = text.xcconfig; name = "Pods-hire-ios-test.release.xcconfig"; path = "Pods/Target Support Files/Pods-hire-ios-test/Pods-hire-ios-test.release.xcconfig"; sourceTree = "<group>"; };
		9E46888426FF31F45AEF3F92 /* DetailStationViewTests.swift */ = {isa = PBXFileReference; includeInIndex = 1; lastKnownFileType = sourcecode.swift; path = DetailStationViewTests.swift; sourceTree = "<group>"; };
		9F94BE40D3C1342B68B33DC7 /* ScheduleInteractorInput.swift */ = {isa = PBXFileReference; includeInIndex = 1; lastKnownFileType = sourcecode.swift; path = ScheduleInteractorInput.swift; sourceTree = "<group>"; };
		9FA349CF837998EF72C659A5 /* StationsPresenter.swift */ = {isa = PBXFileReference; includeInIndex = 1; lastKnownFileType = sourcecode.swift; path = StationsPresenter.swift; sourceTree = "<group>"; };
		9FE1BB9B5DA885491949DA1A /* DetailStationAssembly.swift */ = {isa = PBXFileReference; includeInIndex = 1; lastKnownFileType = sourcecode.swift; path = DetailStationAssembly.swift; sourceTree = "<group>"; };
		A6ADBBEF607B65E4401E3A50 /* DetailStationInteractorTests.swift */ = {isa = PBXFileReference; includeInIndex = 1; lastKnownFileType = sourcecode.swift; path = DetailStationInteractorTests.swift; sourceTree = "<group>"; };
		B21E0AD75834F567A65A5BA1 /* DetailStationModuleInput.swift */ = {isa = PBXFileReference; includeInIndex = 1; lastKnownFileType = sourcecode.swift; path = DetailStationModuleInput.swift; sourceTree = "<group>"; };
		BC3DE2621D7327EE007580DE /* StationsDisplayManager.swift */ = {isa = PBXFileReference; fileEncoding = 4; lastKnownFileType = sourcecode.swift; path = StationsDisplayManager.swift; sourceTree = "<group>"; };
		BC3DE2641D736941007580DE /* StationsModuleOutput.swift */ = {isa = PBXFileReference; fileEncoding = 4; lastKnownFileType = sourcecode.swift; path = StationsModuleOutput.swift; sourceTree = "<group>"; };
		BC3DE2681D73803D007580DE /* ScheduleModuleInput.swift */ = {isa = PBXFileReference; fileEncoding = 4; lastKnownFileType = sourcecode.swift; path = ScheduleModuleInput.swift; sourceTree = "<group>"; };
		BC6CB8A81D72DC9E00DFB036 /* allStations.json */ = {isa = PBXFileReference; fileEncoding = 4; lastKnownFileType = text.json; name = allStations.json; path = ../../../Downloads/allStations.json; sourceTree = "<group>"; };
		BC6CB8AF1D72E16700DFB036 /* ArraysCities.swift */ = {isa = PBXFileReference; fileEncoding = 4; lastKnownFileType = sourcecode.swift; path = ArraysCities.swift; sourceTree = "<group>"; };
		BC6CB8B11D72E1E500DFB036 /* Station.swift */ = {isa = PBXFileReference; fileEncoding = 4; lastKnownFileType = sourcecode.swift; name = Station.swift; path = Model/Entities/Station.swift; sourceTree = "<group>"; };
		BC6CB8B31D72E1FF00DFB036 /* CoordinatePoint.swift */ = {isa = PBXFileReference; fileEncoding = 4; lastKnownFileType = sourcecode.swift; name = CoordinatePoint.swift; path = Model/Entities/CoordinatePoint.swift; sourceTree = "<group>"; };
		BC6CB8B51D72E40100DFB036 /* City.swift */ = {isa = PBXFileReference; fileEncoding = 4; lastKnownFileType = sourcecode.swift; name = City.swift; path = Model/Entities/City.swift; sourceTree = "<group>"; };
		BC6CB8B91D72F34100DFB036 /* StationRepositoryType.swift */ = {isa = PBXFileReference; fileEncoding = 4; lastKnownFileType = sourcecode.swift; name = StationRepositoryType.swift; path = Model/Repository/StationRepositoryType.swift; sourceTree = "<group>"; };
		BC6CB8BB1D72F3BF00DFB036 /* StationRepository.swift */ = {isa = PBXFileReference; fileEncoding = 4; lastKnownFileType = sourcecode.swift; name = StationRepository.swift; path = Model/Repository/StationRepository.swift; sourceTree = "<group>"; };
		BC6CB8BD1D72F7F000DFB036 /* StationServiceType.swift */ = {isa = PBXFileReference; fileEncoding = 4; lastKnownFileType = sourcecode.swift; name = StationServiceType.swift; path = Model/Service/StationServiceType.swift; sourceTree = "<group>"; };
		BC6CB8BF1D72F85200DFB036 /* StationService.swift */ = {isa = PBXFileReference; fileEncoding = 4; lastKnownFileType = sourcecode.swift; name = StationService.swift; path = Model/Service/StationService.swift; sourceTree = "<group>"; };
		BC6CB8C21D72F94100DFB036 /* ModelAssembly.swift */ = {isa = PBXFileReference; fileEncoding = 4; lastKnownFileType = sourcecode.swift; name = ModelAssembly.swift; path = Model/Assembly/ModelAssembly.swift; sourceTree = "<group>"; };
		BCA7F38C1D721438009A7786 /* SwinjectStoryboard.swift */ = {isa = PBXFileReference; fileEncoding = 4; lastKnownFileType = sourcecode.swift; path = SwinjectStoryboard.swift; sourceTree = "<group>"; };
		BCA7F38E1D721468009A7786 /* ModuleInput.swift */ = {isa = PBXFileReference; fileEncoding = 4; lastKnownFileType = sourcecode.swift; name = ModuleInput.swift; path = Viper/ModuleInput.swift; sourceTree = "<group>"; };
		BCA7F38F1D721468009A7786 /* ModuleInputProvider.swift */ = {isa = PBXFileReference; fileEncoding = 4; lastKnownFileType = sourcecode.swift; name = ModuleInputProvider.swift; path = Viper/ModuleInputProvider.swift; sourceTree = "<group>"; };
		BCA7F3901D721468009A7786 /* TransitionHandler.swift */ = {isa = PBXFileReference; fileEncoding = 4; lastKnownFileType = sourcecode.swift; name = TransitionHandler.swift; path = Viper/TransitionHandler.swift; sourceTree = "<group>"; };
		BCA7F3911D721468009A7786 /* UIViewController+TransitionHandler.swift */ = {isa = PBXFileReference; fileEncoding = 4; lastKnownFileType = sourcecode.swift; name = "UIViewController+TransitionHandler.swift"; path = "Viper/UIViewController+TransitionHandler.swift"; sourceTree = "<group>"; };
		BCA7F3921D721468009A7786 /* ViewInput.swift */ = {isa = PBXFileReference; fileEncoding = 4; lastKnownFileType = sourcecode.swift; name = ViewInput.swift; path = Viper/ViewInput.swift; sourceTree = "<group>"; };
		BCA7F3991D7214BD009A7786 /* UIViewController+showAlertView.swift */ = {isa = PBXFileReference; fileEncoding = 4; lastKnownFileType = sourcecode.swift; path = "UIViewController+showAlertView.swift"; sourceTree = "<group>"; };
		BCE3A06B1D71E1EB004DAB2A /* hire-ios-test.app */ = {isa = PBXFileReference; explicitFileType = wrapper.application; includeInIndex = 0; path = "hire-ios-test.app"; sourceTree = BUILT_PRODUCTS_DIR; };
		BCE3A06E1D71E1EB004DAB2A /* AppDelegate.swift */ = {isa = PBXFileReference; lastKnownFileType = sourcecode.swift; path = AppDelegate.swift; sourceTree = "<group>"; };
		BCE3A0731D71E1EB004DAB2A /* Base */ = {isa = PBXFileReference; lastKnownFileType = file.storyboard; name = Base; path = Base.lproj/Main.storyboard; sourceTree = "<group>"; };
		BCE3A0751D71E1EB004DAB2A /* Assets.xcassets */ = {isa = PBXFileReference; lastKnownFileType = folder.assetcatalog; path = Assets.xcassets; sourceTree = "<group>"; };
		BCE3A0781D71E1EB004DAB2A /* Base */ = {isa = PBXFileReference; lastKnownFileType = file.storyboard; name = Base; path = Base.lproj/LaunchScreen.storyboard; sourceTree = "<group>"; };
		BCE3A07A1D71E1EB004DAB2A /* Info.plist */ = {isa = PBXFileReference; lastKnownFileType = text.plist.xml; path = Info.plist; sourceTree = "<group>"; };
		BCE3A07F1D71E1EC004DAB2A /* hire-ios-testTests.xctest */ = {isa = PBXFileReference; explicitFileType = wrapper.cfbundle; includeInIndex = 0; path = "hire-ios-testTests.xctest"; sourceTree = BUILT_PRODUCTS_DIR; };
		BCE3A0831D71E1EC004DAB2A /* hire_ios_testTests.swift */ = {isa = PBXFileReference; lastKnownFileType = sourcecode.swift; path = hire_ios_testTests.swift; sourceTree = "<group>"; };
		BCE3A0851D71E1EC004DAB2A /* Info.plist */ = {isa = PBXFileReference; lastKnownFileType = text.plist.xml; path = Info.plist; sourceTree = "<group>"; };
		C32BA1899431311AFC5C6E50 /* StationsViewController.swift */ = {isa = PBXFileReference; includeInIndex = 1; lastKnownFileType = sourcecode.swift; path = StationsViewController.swift; sourceTree = "<group>"; };
		C35C81A76C0408D679E6D1C5 /* Pods_hire_ios_test.framework */ = {isa = PBXFileReference; explicitFileType = wrapper.framework; includeInIndex = 0; path = Pods_hire_ios_test.framework; sourceTree = BUILT_PRODUCTS_DIR; };
		C64A8678674EBED2BE504ACE /* StationsViewOutput.swift */ = {isa = PBXFileReference; includeInIndex = 1; lastKnownFileType = sourcecode.swift; path = StationsViewOutput.swift; sourceTree = "<group>"; };
		D345AAAF9F76C72C3F7E82BE /* Pods-hire-ios-test.debug.xcconfig */ = {isa = PBXFileReference; includeInIndex = 1; lastKnownFileType = text.xcconfig; name = "Pods-hire-ios-test.debug.xcconfig"; path = "Pods/Target Support Files/Pods-hire-ios-test/Pods-hire-ios-test.debug.xcconfig"; sourceTree = "<group>"; };
		E0721644DEDEE420574C1DFB /* StationsModuleInput.swift */ = {isa = PBXFileReference; includeInIndex = 1; lastKnownFileType = sourcecode.swift; path = StationsModuleInput.swift; sourceTree = "<group>"; };
		E41A13D5C4595C5CDF8F6469 /* ScheduleInteractorOutput.swift */ = {isa = PBXFileReference; includeInIndex = 1; lastKnownFileType = sourcecode.swift; path = ScheduleInteractorOutput.swift; sourceTree = "<group>"; };
		EE96D64CE46298AA0480B138 /* StationsViewInput.swift */ = {isa = PBXFileReference; includeInIndex = 1; lastKnownFileType = sourcecode.swift; path = StationsViewInput.swift; sourceTree = "<group>"; };
		EED6B5A93227907762DF31F0 /* DetailStationPresenterTests.swift */ = {isa = PBXFileReference; includeInIndex = 1; lastKnownFileType = sourcecode.swift; path = DetailStationPresenterTests.swift; sourceTree = "<group>"; };
		EF126AD233F588926DB51BD6 /* ScheduleRouter.swift */ = {isa = PBXFileReference; includeInIndex = 1; lastKnownFileType = sourcecode.swift; path = ScheduleRouter.swift; sourceTree = "<group>"; };
		F1B2D7CAEAE547B52E48C22F /* ScheduleViewInput.swift */ = {isa = PBXFileReference; includeInIndex = 1; lastKnownFileType = sourcecode.swift; path = ScheduleViewInput.swift; sourceTree = "<group>"; };
		FD18B44433FBE6483719B5F2 /* DetailStationPresenter.swift */ = {isa = PBXFileReference; includeInIndex = 1; lastKnownFileType = sourcecode.swift; path = DetailStationPresenter.swift; sourceTree = "<group>"; };
/* End PBXFileReference section */

/* Begin PBXFrameworksBuildPhase section */
		BCE3A0681D71E1EB004DAB2A /* Frameworks */ = {
			isa = PBXFrameworksBuildPhase;
			buildActionMask = 2147483647;
			files = (
				3CCAE1BC14640194BAFE7C68 /* Pods_hire_ios_test.framework in Frameworks */,
			);
			runOnlyForDeploymentPostprocessing = 0;
		};
		BCE3A07C1D71E1EC004DAB2A /* Frameworks */ = {
			isa = PBXFrameworksBuildPhase;
			buildActionMask = 2147483647;
			files = (
				D37E8FC3AF22D035A543E224 /* Pods_hire_ios_testTests.framework in Frameworks */,
			);
			runOnlyForDeploymentPostprocessing = 0;
		};
/* End PBXFrameworksBuildPhase section */

/* Begin PBXGroup section */
		03127ACCD49CFAB4A44C7682 /* Assembly */ = {
			isa = PBXGroup;
			children = (
				9FE1BB9B5DA885491949DA1A /* DetailStationAssembly.swift */,
			);
			path = Assembly;
			sourceTree = "<group>";
		};
		09AA8459B27C8DCC310509FD /* UseCasesTest */ = {
			isa = PBXGroup;
			children = (
				57A107E0312F3261BA1605A5 /* DetailStation */,
			);
			path = UseCasesTest;
			sourceTree = "<group>";
		};
		1E22BBD559B328CCFCEBB21A /* Assembly */ = {
			isa = PBXGroup;
			children = (
				44ADE31FF48A4FA25A683236 /* StationsAssembly.swift */,
			);
			path = Assembly;
			sourceTree = "<group>";
		};
		29F1BA88AB0FDB7E1F6F000E /* View */ = {
			isa = PBXGroup;
			children = (
				EE96D64CE46298AA0480B138 /* StationsViewInput.swift */,
				C64A8678674EBED2BE504ACE /* StationsViewOutput.swift */,
				C32BA1899431311AFC5C6E50 /* StationsViewController.swift */,
				BC3DE2621D7327EE007580DE /* StationsDisplayManager.swift */,
			);
			path = View;
			sourceTree = "<group>";
		};
		2A8610C1322051FB59F65CDA /* View */ = {
			isa = PBXGroup;
			children = (
				53252DE5B64797EF48B7F0FC /* DetailStationViewInput.swift */,
				8124D7C3D40732956B13E752 /* DetailStationViewOutput.swift */,
				980BA8A66248E87BF8AD95A0 /* DetailStationViewController.swift */,
			);
			path = View;
			sourceTree = "<group>";
		};
		2B93E9982E9318D8A446C78A /* Router */ = {
			isa = PBXGroup;
			children = (
				7349CD218A14337696CAE4A9 /* StationsRouterInput.swift */,
				45B1C5DB440E92A9B76C3E7A /* StationsRouter.swift */,
			);
			path = Router;
			sourceTree = "<group>";
		};
		32193EBEB4CCFEE65409FFAD /* Presenter */ = {
			isa = PBXGroup;
			children = (
				EED6B5A93227907762DF31F0 /* DetailStationPresenterTests.swift */,
			);
			path = Presenter;
			sourceTree = "<group>";
		};
		321DF3A3B7F76ABABFE7664E /* Presenter */ = {
			isa = PBXGroup;
			children = (
				BC3DE2681D73803D007580DE /* ScheduleModuleInput.swift */,
				93A5C3B48639FEDC849081EB /* SchedulePresenter.swift */,
			);
			path = Presenter;
			sourceTree = "<group>";
		};
		3E3151B2B0E7543340F087E6 /* Router */ = {
			isa = PBXGroup;
			children = (
				75B244EDDD92FC711FE1273A /* DetailStationRouterTests.swift */,
			);
			path = Router;
			sourceTree = "<group>";
		};
		3FD9100C058DC50DF095EA7A /* Presenter */ = {
			isa = PBXGroup;
			children = (
				E0721644DEDEE420574C1DFB /* StationsModuleInput.swift */,
				9FA349CF837998EF72C659A5 /* StationsPresenter.swift */,
				BC3DE2641D736941007580DE /* StationsModuleOutput.swift */,
			);
			path = Presenter;
			sourceTree = "<group>";
		};
		4869661977DF9D2049FA58F7 /* Schedule */ = {
			isa = PBXGroup;
			children = (
				B98596E945629BB784BDCC22 /* View */,
				321DF3A3B7F76ABABFE7664E /* Presenter */,
				6B09CD639888ADDCA99A2023 /* Interactor */,
				E981C755448F03B3D9BA570F /* Router */,
				63891449F260478B35955DC1 /* Assembly */,
			);
			path = Schedule;
			sourceTree = "<group>";
		};
		4D1B07AF7020A133314BAFF2 /* Presenter */ = {
			isa = PBXGroup;
			children = (
				B21E0AD75834F567A65A5BA1 /* DetailStationModuleInput.swift */,
				FD18B44433FBE6483719B5F2 /* DetailStationPresenter.swift */,
			);
			path = Presenter;
			sourceTree = "<group>";
		};
		57A107E0312F3261BA1605A5 /* DetailStation */ = {
			isa = PBXGroup;
			children = (
				97298F1F0E5C1914FF8F2FD0 /* Configurator */,
				A82519155C053ECB6A0966DB /* View */,
				9F87D44B093B048D61C11B55 /* Interactor */,
				32193EBEB4CCFEE65409FFAD /* Presenter */,
				3E3151B2B0E7543340F087E6 /* Router */,
			);
			path = DetailStation;
			sourceTree = "<group>";
		};
		63891449F260478B35955DC1 /* Assembly */ = {
			isa = PBXGroup;
			children = (
				30AF946A11A69199A332B232 /* ScheduleAssembly.swift */,
			);
			path = Assembly;
			sourceTree = "<group>";
		};
		6B09CD639888ADDCA99A2023 /* Interactor */ = {
			isa = PBXGroup;
			children = (
				9F94BE40D3C1342B68B33DC7 /* ScheduleInteractorInput.swift */,
				E41A13D5C4595C5CDF8F6469 /* ScheduleInteractorOutput.swift */,
				5649AD7EC85F55A10E437996 /* ScheduleInteractor.swift */,
			);
			path = Interactor;
			sourceTree = "<group>";
		};
		730F44DB89A7DFFB33904FE8 /* Frameworks */ = {
			isa = PBXGroup;
			children = (
				C35C81A76C0408D679E6D1C5 /* Pods_hire_ios_test.framework */,
				6D302D4C9BF599868FA58EBC /* Pods_hire_ios_testTests.framework */,
			);
			name = Frameworks;
			sourceTree = "<group>";
		};
		7B4051A33C4229D88091ED09 /* UseCases */ = {
			isa = PBXGroup;
			children = (
				BCA7F38C1D721438009A7786 /* SwinjectStoryboard.swift */,
				4869661977DF9D2049FA58F7 /* Schedule */,
				D498337E7A17D62E84FE9DF1 /* Stations */,
				A0A6B92C65D9D9A3FBDB9062 /* DetailStation */,
			);
			path = UseCases;
			sourceTree = "<group>";
		};
		97298F1F0E5C1914FF8F2FD0 /* Configurator */ = {
			isa = PBXGroup;
			children = (
				8BE0B097397C6B78B113F6F2 /* DetailStationConfiguratorTests.swift */,
			);
			path = Configurator;
			sourceTree = "<group>";
		};
		9F87D44B093B048D61C11B55 /* Interactor */ = {
			isa = PBXGroup;
			children = (
				A6ADBBEF607B65E4401E3A50 /* DetailStationInteractorTests.swift */,
			);
			path = Interactor;
			sourceTree = "<group>";
		};
		A0A6B92C65D9D9A3FBDB9062 /* DetailStation */ = {
			isa = PBXGroup;
			children = (
				2A8610C1322051FB59F65CDA /* View */,
				4D1B07AF7020A133314BAFF2 /* Presenter */,
				03127ACCD49CFAB4A44C7682 /* Assembly */,
			);
			path = DetailStation;
			sourceTree = "<group>";
		};
		A82519155C053ECB6A0966DB /* View */ = {
			isa = PBXGroup;
			children = (
				9E46888426FF31F45AEF3F92 /* DetailStationViewTests.swift */,
			);
			path = View;
			sourceTree = "<group>";
		};
		B98596E945629BB784BDCC22 /* View */ = {
			isa = PBXGroup;
			children = (
				F1B2D7CAEAE547B52E48C22F /* ScheduleViewInput.swift */,
				4396446D4FED5ABA095FDD71 /* ScheduleViewOutput.swift */,
				73C4F6861455A2BEBD905A9D /* ScheduleViewController.swift */,
			);
			path = View;
			sourceTree = "<group>";
		};
		BC6CB8AA1D72E0BF00DFB036 /* Resources */ = {
			isa = PBXGroup;
			children = (
				BCE3A0751D71E1EB004DAB2A /* Assets.xcassets */,
				BC6CB8A81D72DC9E00DFB036 /* allStations.json */,
			);
			name = Resources;
			sourceTree = "<group>";
		};
		BC6CB8AB1D72E0E400DFB036 /* Helpers */ = {
			isa = PBXGroup;
			children = (
				BC6CB8AC1D72E0ED00DFB036 /* Extensions */,
				BCA7F3981D721475009A7786 /* Viper */,
			);
			name = Helpers;
			sourceTree = "<group>";
		};
		BC6CB8AC1D72E0ED00DFB036 /* Extensions */ = {
			isa = PBXGroup;
			children = (
				BCA7F3991D7214BD009A7786 /* UIViewController+showAlertView.swift */,
			);
			name = Extensions;
			sourceTree = "<group>";
		};
		BC6CB8AD1D72E12700DFB036 /* Model */ = {
			isa = PBXGroup;
			children = (
				BC6CB8C11D72F92100DFB036 /* Assembly */,
				BC6CB8B81D72F2F300DFB036 /* Service */,
				BC6CB8B71D72F2E800DFB036 /* Repository */,
				BC6CB8AE1D72E12F00DFB036 /* Entities */,
			);
			name = Model;
			sourceTree = "<group>";
		};
		BC6CB8AE1D72E12F00DFB036 /* Entities */ = {
			isa = PBXGroup;
			children = (
				BC6CB8AF1D72E16700DFB036 /* ArraysCities.swift */,
				BC6CB8B11D72E1E500DFB036 /* Station.swift */,
				BC6CB8B31D72E1FF00DFB036 /* CoordinatePoint.swift */,
				BC6CB8B51D72E40100DFB036 /* City.swift */,
			);
			name = Entities;
			sourceTree = "<group>";
		};
		BC6CB8B71D72F2E800DFB036 /* Repository */ = {
			isa = PBXGroup;
			children = (
				BC6CB8B91D72F34100DFB036 /* StationRepositoryType.swift */,
				BC6CB8BB1D72F3BF00DFB036 /* StationRepository.swift */,
			);
			name = Repository;
			sourceTree = "<group>";
		};
		BC6CB8B81D72F2F300DFB036 /* Service */ = {
			isa = PBXGroup;
			children = (
				BC6CB8BD1D72F7F000DFB036 /* StationServiceType.swift */,
				BC6CB8BF1D72F85200DFB036 /* StationService.swift */,
			);
			name = Service;
			sourceTree = "<group>";
		};
		BC6CB8C11D72F92100DFB036 /* Assembly */ = {
			isa = PBXGroup;
			children = (
				BC6CB8C21D72F94100DFB036 /* ModelAssembly.swift */,
			);
			name = Assembly;
			sourceTree = "<group>";
		};
		BCA7F3981D721475009A7786 /* Viper */ = {
			isa = PBXGroup;
			children = (
				BCA7F38E1D721468009A7786 /* ModuleInput.swift */,
				BCA7F38F1D721468009A7786 /* ModuleInputProvider.swift */,
				BCA7F3901D721468009A7786 /* TransitionHandler.swift */,
				BCA7F3911D721468009A7786 /* UIViewController+TransitionHandler.swift */,
				BCA7F3921D721468009A7786 /* ViewInput.swift */,
			);
			name = Viper;
			sourceTree = "<group>";
		};
		BCE3A0621D71E1EB004DAB2A = {
			isa = PBXGroup;
			children = (
				BCE3A06D1D71E1EB004DAB2A /* hire-ios-test */,
				BCE3A0821D71E1EC004DAB2A /* hire-ios-testTests */,
				BCE3A06C1D71E1EB004DAB2A /* Products */,
				C3460ABFFDBF44CFB6EAD62B /* Pods */,
				730F44DB89A7DFFB33904FE8 /* Frameworks */,
			);
			sourceTree = "<group>";
		};
		BCE3A06C1D71E1EB004DAB2A /* Products */ = {
			isa = PBXGroup;
			children = (
				BCE3A06B1D71E1EB004DAB2A /* hire-ios-test.app */,
				BCE3A07F1D71E1EC004DAB2A /* hire-ios-testTests.xctest */,
			);
			name = Products;
			sourceTree = "<group>";
		};
		BCE3A06D1D71E1EB004DAB2A /* hire-ios-test */ = {
			isa = PBXGroup;
			children = (
				BCE3A06E1D71E1EB004DAB2A /* AppDelegate.swift */,
				BCE3A0721D71E1EB004DAB2A /* Main.storyboard */,
				BCE3A0771D71E1EB004DAB2A /* LaunchScreen.storyboard */,
				BCE3A07A1D71E1EB004DAB2A /* Info.plist */,
				BC6CB8AD1D72E12700DFB036 /* Model */,
				BC6CB8AA1D72E0BF00DFB036 /* Resources */,
				BC6CB8AB1D72E0E400DFB036 /* Helpers */,
				7B4051A33C4229D88091ED09 /* UseCases */,
			);
			path = "hire-ios-test";
			sourceTree = "<group>";
		};
		BCE3A0821D71E1EC004DAB2A /* hire-ios-testTests */ = {
			isa = PBXGroup;
			children = (
				BCE3A0831D71E1EC004DAB2A /* hire_ios_testTests.swift */,
				BCE3A0851D71E1EC004DAB2A /* Info.plist */,
				09AA8459B27C8DCC310509FD /* UseCasesTest */,
			);
			path = "hire-ios-testTests";
			sourceTree = "<group>";
		};
		C3460ABFFDBF44CFB6EAD62B /* Pods */ = {
			isa = PBXGroup;
			children = (
				D345AAAF9F76C72C3F7E82BE /* Pods-hire-ios-test.debug.xcconfig */,
				9BD8E9AB855D0932FD37D069 /* Pods-hire-ios-test.release.xcconfig */,
				38832E0037201985D734B95E /* Pods-hire-ios-testTests.debug.xcconfig */,
				216832974D76723DE0CD00D7 /* Pods-hire-ios-testTests.release.xcconfig */,
			);
			name = Pods;
			sourceTree = "<group>";
		};
		D498337E7A17D62E84FE9DF1 /* Stations */ = {
			isa = PBXGroup;
			children = (
				29F1BA88AB0FDB7E1F6F000E /* View */,
				3FD9100C058DC50DF095EA7A /* Presenter */,
				EC875342C6878BDF4A64FB3A /* Interactor */,
				2B93E9982E9318D8A446C78A /* Router */,
				1E22BBD559B328CCFCEBB21A /* Assembly */,
			);
			path = Stations;
			sourceTree = "<group>";
		};
		E981C755448F03B3D9BA570F /* Router */ = {
			isa = PBXGroup;
			children = (
				4CD299736B93A4B3B81CA209 /* ScheduleRouterInput.swift */,
				EF126AD233F588926DB51BD6 /* ScheduleRouter.swift */,
			);
			path = Router;
			sourceTree = "<group>";
		};
		EC875342C6878BDF4A64FB3A /* Interactor */ = {
			isa = PBXGroup;
			children = (
				81B5BF3E44B67CB64C232AB4 /* StationsInteractorInput.swift */,
				1FDBCEFCBAC9745FE7A6E563 /* StationsInteractor.swift */,
			);
			path = Interactor;
			sourceTree = "<group>";
		};
/* End PBXGroup section */

/* Begin PBXNativeTarget section */
		BCE3A06A1D71E1EB004DAB2A /* hire-ios-test */ = {
			isa = PBXNativeTarget;
			buildConfigurationList = BCE3A0881D71E1EC004DAB2A /* Build configuration list for PBXNativeTarget "hire-ios-test" */;
			buildPhases = (
				5E1ACFC9C49D7FE9D16F5FE8 /* [CP] Check Pods Manifest.lock */,
				BCE3A0671D71E1EB004DAB2A /* Sources */,
				BCE3A0681D71E1EB004DAB2A /* Frameworks */,
				BCE3A0691D71E1EB004DAB2A /* Resources */,
				B35E20CB91F847EDD49C1F3E /* [CP] Embed Pods Frameworks */,
				39EB6F7EB85285A3DAB98267 /* [CP] Copy Pods Resources */,
			);
			buildRules = (
			);
			dependencies = (
			);
			name = "hire-ios-test";
			productName = "hire-ios-test";
			productReference = BCE3A06B1D71E1EB004DAB2A /* hire-ios-test.app */;
			productType = "com.apple.product-type.application";
		};
		BCE3A07E1D71E1EC004DAB2A /* hire-ios-testTests */ = {
			isa = PBXNativeTarget;
			buildConfigurationList = BCE3A08B1D71E1EC004DAB2A /* Build configuration list for PBXNativeTarget "hire-ios-testTests" */;
			buildPhases = (
				E1EB34228D5D794E424F9B51 /* [CP] Check Pods Manifest.lock */,
				BCE3A07B1D71E1EC004DAB2A /* Sources */,
				BCE3A07C1D71E1EC004DAB2A /* Frameworks */,
				BCE3A07D1D71E1EC004DAB2A /* Resources */,
				8B64244674C9E4734585C0A9 /* [CP] Embed Pods Frameworks */,
				86B75A63632EF25A1765906B /* [CP] Copy Pods Resources */,
			);
			buildRules = (
			);
			dependencies = (
				BCE3A0811D71E1EC004DAB2A /* PBXTargetDependency */,
			);
			name = "hire-ios-testTests";
			productName = "hire-ios-testTests";
			productReference = BCE3A07F1D71E1EC004DAB2A /* hire-ios-testTests.xctest */;
			productType = "com.apple.product-type.bundle.unit-test";
		};
/* End PBXNativeTarget section */

/* Begin PBXProject section */
		BCE3A0631D71E1EB004DAB2A /* Project object */ = {
			isa = PBXProject;
			attributes = {
				LastSwiftUpdateCheck = 0730;
				LastUpgradeCheck = 0730;
				ORGANIZATIONNAME = amyaots;
				TargetAttributes = {
					BCE3A06A1D71E1EB004DAB2A = {
						CreatedOnToolsVersion = 7.3.1;
					};
					BCE3A07E1D71E1EC004DAB2A = {
						CreatedOnToolsVersion = 7.3.1;
						TestTargetID = BCE3A06A1D71E1EB004DAB2A;
					};
				};
			};
			buildConfigurationList = BCE3A0661D71E1EB004DAB2A /* Build configuration list for PBXProject "hire-ios-test" */;
			compatibilityVersion = "Xcode 3.2";
			developmentRegion = English;
			hasScannedForEncodings = 0;
			knownRegions = (
				en,
				Base,
			);
			mainGroup = BCE3A0621D71E1EB004DAB2A;
			productRefGroup = BCE3A06C1D71E1EB004DAB2A /* Products */;
			projectDirPath = "";
			projectRoot = "";
			targets = (
				BCE3A06A1D71E1EB004DAB2A /* hire-ios-test */,
				BCE3A07E1D71E1EC004DAB2A /* hire-ios-testTests */,
			);
		};
/* End PBXProject section */

/* Begin PBXResourcesBuildPhase section */
		BCE3A0691D71E1EB004DAB2A /* Resources */ = {
			isa = PBXResourcesBuildPhase;
			buildActionMask = 2147483647;
			files = (
				BCE3A0791D71E1EB004DAB2A /* LaunchScreen.storyboard in Resources */,
				BCE3A0761D71E1EB004DAB2A /* Assets.xcassets in Resources */,
				BC6CB8A91D72DC9E00DFB036 /* allStations.json in Resources */,
				BCE3A0741D71E1EB004DAB2A /* Main.storyboard in Resources */,
			);
			runOnlyForDeploymentPostprocessing = 0;
		};
		BCE3A07D1D71E1EC004DAB2A /* Resources */ = {
			isa = PBXResourcesBuildPhase;
			buildActionMask = 2147483647;
			files = (
			);
			runOnlyForDeploymentPostprocessing = 0;
		};
/* End PBXResourcesBuildPhase section */

/* Begin PBXShellScriptBuildPhase section */
		39EB6F7EB85285A3DAB98267 /* [CP] Copy Pods Resources */ = {
			isa = PBXShellScriptBuildPhase;
			buildActionMask = 2147483647;
			files = (
			);
			inputPaths = (
			);
			name = "[CP] Copy Pods Resources";
			outputPaths = (
			);
			runOnlyForDeploymentPostprocessing = 0;
			shellPath = /bin/sh;
			shellScript = "\"${SRCROOT}/Pods/Target Support Files/Pods-hire-ios-test/Pods-hire-ios-test-resources.sh\"\n";
			showEnvVarsInLog = 0;
		};
		5E1ACFC9C49D7FE9D16F5FE8 /* [CP] Check Pods Manifest.lock */ = {
			isa = PBXShellScriptBuildPhase;
			buildActionMask = 2147483647;
			files = (
			);
			inputPaths = (
			);
			name = "[CP] Check Pods Manifest.lock";
			outputPaths = (
			);
			runOnlyForDeploymentPostprocessing = 0;
			shellPath = /bin/sh;
			shellScript = "diff \"${PODS_ROOT}/../Podfile.lock\" \"${PODS_ROOT}/Manifest.lock\" > /dev/null\nif [[ $? != 0 ]] ; then\n    cat << EOM\nerror: The sandbox is not in sync with the Podfile.lock. Run 'pod install' or update your CocoaPods installation.\nEOM\n    exit 1\nfi\n";
			showEnvVarsInLog = 0;
		};
		86B75A63632EF25A1765906B /* [CP] Copy Pods Resources */ = {
			isa = PBXShellScriptBuildPhase;
			buildActionMask = 2147483647;
			files = (
			);
			inputPaths = (
			);
			name = "[CP] Copy Pods Resources";
			outputPaths = (
			);
			runOnlyForDeploymentPostprocessing = 0;
			shellPath = /bin/sh;
			shellScript = "\"${SRCROOT}/Pods/Target Support Files/Pods-hire-ios-testTests/Pods-hire-ios-testTests-resources.sh\"\n";
			showEnvVarsInLog = 0;
		};
		8B64244674C9E4734585C0A9 /* [CP] Embed Pods Frameworks */ = {
			isa = PBXShellScriptBuildPhase;
			buildActionMask = 2147483647;
			files = (
			);
			inputPaths = (
			);
			name = "[CP] Embed Pods Frameworks";
			outputPaths = (
			);
			runOnlyForDeploymentPostprocessing = 0;
			shellPath = /bin/sh;
			shellScript = "\"${SRCROOT}/Pods/Target Support Files/Pods-hire-ios-testTests/Pods-hire-ios-testTests-frameworks.sh\"\n";
			showEnvVarsInLog = 0;
		};
		B35E20CB91F847EDD49C1F3E /* [CP] Embed Pods Frameworks */ = {
			isa = PBXShellScriptBuildPhase;
			buildActionMask = 2147483647;
			files = (
			);
			inputPaths = (
			);
			name = "[CP] Embed Pods Frameworks";
			outputPaths = (
			);
			runOnlyForDeploymentPostprocessing = 0;
			shellPath = /bin/sh;
			shellScript = "\"${SRCROOT}/Pods/Target Support Files/Pods-hire-ios-test/Pods-hire-ios-test-frameworks.sh\"\n";
			showEnvVarsInLog = 0;
		};
		E1EB34228D5D794E424F9B51 /* [CP] Check Pods Manifest.lock */ = {
			isa = PBXShellScriptBuildPhase;
			buildActionMask = 2147483647;
			files = (
			);
			inputPaths = (
			);
			name = "[CP] Check Pods Manifest.lock";
			outputPaths = (
			);
			runOnlyForDeploymentPostprocessing = 0;
			shellPath = /bin/sh;
			shellScript = "diff \"${PODS_ROOT}/../Podfile.lock\" \"${PODS_ROOT}/Manifest.lock\" > /dev/null\nif [[ $? != 0 ]] ; then\n    cat << EOM\nerror: The sandbox is not in sync with the Podfile.lock. Run 'pod install' or update your CocoaPods installation.\nEOM\n    exit 1\nfi\n";
			showEnvVarsInLog = 0;
		};
/* End PBXShellScriptBuildPhase section */

/* Begin PBXSourcesBuildPhase section */
		BCE3A0671D71E1EB004DAB2A /* Sources */ = {
			isa = PBXSourcesBuildPhase;
			buildActionMask = 2147483647;
			files = (
				BCA7F3931D721468009A7786 /* ModuleInput.swift in Sources */,
				BC6CB8BC1D72F3BF00DFB036 /* StationRepository.swift in Sources */,
				BC3DE2651D736941007580DE /* StationsModuleOutput.swift in Sources */,
				BCA7F3961D721468009A7786 /* UIViewController+TransitionHandler.swift in Sources */,
				BC6CB8C01D72F85200DFB036 /* StationService.swift in Sources */,
				BC6CB8B41D72E1FF00DFB036 /* CoordinatePoint.swift in Sources */,
				BCE3A06F1D71E1EB004DAB2A /* AppDelegate.swift in Sources */,
				BC3DE2691D73803D007580DE /* ScheduleModuleInput.swift in Sources */,
				675DD0AA05BB3D667791925F /* ScheduleViewInput.swift in Sources */,
				BC6CB8B01D72E16700DFB036 /* ArraysCities.swift in Sources */,
				BC6CB8B61D72E40100DFB036 /* City.swift in Sources */,
				9714130865910ACC4448F8D6 /* ScheduleViewOutput.swift in Sources */,
				BCA7F3941D721468009A7786 /* ModuleInputProvider.swift in Sources */,
				BCA7F3951D721468009A7786 /* TransitionHandler.swift in Sources */,
				C250F69FC764B509DB4FB07E /* ScheduleViewController.swift in Sources */,
				BC3DE2631D7327EE007580DE /* StationsDisplayManager.swift in Sources */,
				B770313F4F535C9534E89868 /* SchedulePresenter.swift in Sources */,
				BCA7F39A1D7214BD009A7786 /* UIViewController+showAlertView.swift in Sources */,
				CE5F0BEE6082FD8CEBF50B76 /* ScheduleInteractorInput.swift in Sources */,
				BC6CB8BE1D72F7F000DFB036 /* StationServiceType.swift in Sources */,
				BC6CB8B21D72E1E500DFB036 /* Station.swift in Sources */,
				BC6CB8C31D72F94100DFB036 /* ModelAssembly.swift in Sources */,
				BCA7F3971D721468009A7786 /* ViewInput.swift in Sources */,
				3D9FDFF702157E688CC8A363 /* ScheduleInteractorOutput.swift in Sources */,
				BC6CB8BA1D72F34100DFB036 /* StationRepositoryType.swift in Sources */,
				BCA7F38D1D721438009A7786 /* SwinjectStoryboard.swift in Sources */,
				806E76CB4ECAFD497D82863E /* ScheduleInteractor.swift in Sources */,
				E3D99BA4E52BDD7D3DA7D734 /* ScheduleRouterInput.swift in Sources */,
				D69C28127302A079D37888BB /* ScheduleRouter.swift in Sources */,
				861286C41B16D4B489A9F3FC /* ScheduleAssembly.swift in Sources */,
				BC690F58B22D2E6324224177 /* StationsViewInput.swift in Sources */,
				4B21617F619FB4433293DBA0 /* StationsViewOutput.swift in Sources */,
				F6E0BC25C421E49A2D126AD3 /* StationsViewController.swift in Sources */,
				E76F2F0F36C6696114554187 /* StationsModuleInput.swift in Sources */,
				6AADE6EA96A8A0DD47FEDE53 /* StationsPresenter.swift in Sources */,
				4581F3911CC37B59D24D0CC9 /* StationsInteractorInput.swift in Sources */,
				C4BDC3782124FF984B267231 /* StationsInteractor.swift in Sources */,
				A610194B0D8C135447B89D98 /* StationsRouterInput.swift in Sources */,
				2A4DBAFC5FF8C80210038275 /* StationsRouter.swift in Sources */,
				B28820E435AC7EA420AB341D /* StationsAssembly.swift in Sources */,
				937F1708B16717DF46774E62 /* DetailStationViewInput.swift in Sources */,
				7B7A1A7B1FB61C17C42B82D1 /* DetailStationViewOutput.swift in Sources */,
				A542718498C4C1AA0CAE30BF /* DetailStationViewController.swift in Sources */,
				DC1133C1DA7D3913480F545F /* DetailStationModuleInput.swift in Sources */,
				4CC083BF26F3D8E2D63D8953 /* DetailStationPresenter.swift in Sources */,
				6BFAD0849949A84FA7DA42C3 /* DetailStationAssembly.swift in Sources */,
			);
			runOnlyForDeploymentPostprocessing = 0;
		};
		BCE3A07B1D71E1EC004DAB2A /* Sources */ = {
			isa = PBXSourcesBuildPhase;
			buildActionMask = 2147483647;
			files = (
				BCE3A0841D71E1EC004DAB2A /* hire_ios_testTests.swift in Sources */,
				9EFB7234774105F07F8F800C /* DetailStationConfiguratorTests.swift in Sources */,
				8ADC89E572FE660470F483B9 /* DetailStationViewTests.swift in Sources */,
				F5AAA7839BACCCA480552543 /* DetailStationInteractorTests.swift in Sources */,
				F76A59C49A122B12D7E57ACE /* DetailStationPresenterTests.swift in Sources */,
				86889317220693828AC88ED5 /* DetailStationRouterTests.swift in Sources */,
			);
			runOnlyForDeploymentPostprocessing = 0;
		};
/* End PBXSourcesBuildPhase section */

/* Begin PBXTargetDependency section */
		BCE3A0811D71E1EC004DAB2A /* PBXTargetDependency */ = {
			isa = PBXTargetDependency;
			target = BCE3A06A1D71E1EB004DAB2A /* hire-ios-test */;
			targetProxy = BCE3A0801D71E1EC004DAB2A /* PBXContainerItemProxy */;
		};
/* End PBXTargetDependency section */

/* Begin PBXVariantGroup section */
		BCE3A0721D71E1EB004DAB2A /* Main.storyboard */ = {
			isa = PBXVariantGroup;
			children = (
				BCE3A0731D71E1EB004DAB2A /* Base */,
			);
			name = Main.storyboard;
			sourceTree = "<group>";
		};
		BCE3A0771D71E1EB004DAB2A /* LaunchScreen.storyboard */ = {
			isa = PBXVariantGroup;
			children = (
				BCE3A0781D71E1EB004DAB2A /* Base */,
			);
			name = LaunchScreen.storyboard;
			sourceTree = "<group>";
		};
/* End PBXVariantGroup section */

/* Begin XCBuildConfiguration section */
		BCE3A0861D71E1EC004DAB2A /* Debug */ = {
			isa = XCBuildConfiguration;
			buildSettings = {
				ALWAYS_SEARCH_USER_PATHS = NO;
				CLANG_ANALYZER_NONNULL = YES;
				CLANG_CXX_LANGUAGE_STANDARD = "gnu++0x";
				CLANG_CXX_LIBRARY = "libc++";
				CLANG_ENABLE_MODULES = YES;
				CLANG_ENABLE_OBJC_ARC = YES;
				CLANG_WARN_BOOL_CONVERSION = YES;
				CLANG_WARN_CONSTANT_CONVERSION = YES;
				CLANG_WARN_DIRECT_OBJC_ISA_USAGE = YES_ERROR;
				CLANG_WARN_EMPTY_BODY = YES;
				CLANG_WARN_ENUM_CONVERSION = YES;
				CLANG_WARN_INT_CONVERSION = YES;
				CLANG_WARN_OBJC_ROOT_CLASS = YES_ERROR;
				CLANG_WARN_UNREACHABLE_CODE = YES;
				CLANG_WARN__DUPLICATE_METHOD_MATCH = YES;
				"CODE_SIGN_IDENTITY[sdk=iphoneos*]" = "iPhone Developer";
				COPY_PHASE_STRIP = NO;
				DEBUG_INFORMATION_FORMAT = dwarf;
				ENABLE_STRICT_OBJC_MSGSEND = YES;
				ENABLE_TESTABILITY = YES;
				GCC_C_LANGUAGE_STANDARD = gnu99;
				GCC_DYNAMIC_NO_PIC = NO;
				GCC_NO_COMMON_BLOCKS = YES;
				GCC_OPTIMIZATION_LEVEL = 0;
				GCC_PREPROCESSOR_DEFINITIONS = (
					"DEBUG=1",
					"$(inherited)",
				);
				GCC_WARN_64_TO_32_BIT_CONVERSION = YES;
				GCC_WARN_ABOUT_RETURN_TYPE = YES_ERROR;
				GCC_WARN_UNDECLARED_SELECTOR = YES;
				GCC_WARN_UNINITIALIZED_AUTOS = YES_AGGRESSIVE;
				GCC_WARN_UNUSED_FUNCTION = YES;
				GCC_WARN_UNUSED_VARIABLE = YES;
				IPHONEOS_DEPLOYMENT_TARGET = 9.3;
				MTL_ENABLE_DEBUG_INFO = YES;
				ONLY_ACTIVE_ARCH = YES;
				SDKROOT = iphoneos;
				SWIFT_OPTIMIZATION_LEVEL = "-Onone";
				TARGETED_DEVICE_FAMILY = "1,2";
			};
			name = Debug;
		};
		BCE3A0871D71E1EC004DAB2A /* Release */ = {
			isa = XCBuildConfiguration;
			buildSettings = {
				ALWAYS_SEARCH_USER_PATHS = NO;
				CLANG_ANALYZER_NONNULL = YES;
				CLANG_CXX_LANGUAGE_STANDARD = "gnu++0x";
				CLANG_CXX_LIBRARY = "libc++";
				CLANG_ENABLE_MODULES = YES;
				CLANG_ENABLE_OBJC_ARC = YES;
				CLANG_WARN_BOOL_CONVERSION = YES;
				CLANG_WARN_CONSTANT_CONVERSION = YES;
				CLANG_WARN_DIRECT_OBJC_ISA_USAGE = YES_ERROR;
				CLANG_WARN_EMPTY_BODY = YES;
				CLANG_WARN_ENUM_CONVERSION = YES;
				CLANG_WARN_INT_CONVERSION = YES;
				CLANG_WARN_OBJC_ROOT_CLASS = YES_ERROR;
				CLANG_WARN_UNREACHABLE_CODE = YES;
				CLANG_WARN__DUPLICATE_METHOD_MATCH = YES;
				"CODE_SIGN_IDENTITY[sdk=iphoneos*]" = "iPhone Developer";
				COPY_PHASE_STRIP = NO;
				DEBUG_INFORMATION_FORMAT = "dwarf-with-dsym";
				ENABLE_NS_ASSERTIONS = NO;
				ENABLE_STRICT_OBJC_MSGSEND = YES;
				GCC_C_LANGUAGE_STANDARD = gnu99;
				GCC_NO_COMMON_BLOCKS = YES;
				GCC_WARN_64_TO_32_BIT_CONVERSION = YES;
				GCC_WARN_ABOUT_RETURN_TYPE = YES_ERROR;
				GCC_WARN_UNDECLARED_SELECTOR = YES;
				GCC_WARN_UNINITIALIZED_AUTOS = YES_AGGRESSIVE;
				GCC_WARN_UNUSED_FUNCTION = YES;
				GCC_WARN_UNUSED_VARIABLE = YES;
				IPHONEOS_DEPLOYMENT_TARGET = 9.3;
				MTL_ENABLE_DEBUG_INFO = NO;
				SDKROOT = iphoneos;
				TARGETED_DEVICE_FAMILY = "1,2";
				VALIDATE_PRODUCT = YES;
			};
			name = Release;
		};
		BCE3A0891D71E1EC004DAB2A /* Debug */ = {
			isa = XCBuildConfiguration;
			baseConfigurationReference = D345AAAF9F76C72C3F7E82BE /* Pods-hire-ios-test.debug.xcconfig */;
			buildSettings = {
				ASSETCATALOG_COMPILER_APPICON_NAME = AppIcon;
				INFOPLIST_FILE = "hire-ios-test/Info.plist";
				LD_RUNPATH_SEARCH_PATHS = "$(inherited) @executable_path/Frameworks";
				PRODUCT_BUNDLE_IDENTIFIER = "com.myaots.hire-ios-test";
				PRODUCT_NAME = "$(TARGET_NAME)";
			};
			name = Debug;
		};
		BCE3A08A1D71E1EC004DAB2A /* Release */ = {
			isa = XCBuildConfiguration;
			baseConfigurationReference = 9BD8E9AB855D0932FD37D069 /* Pods-hire-ios-test.release.xcconfig */;
			buildSettings = {
				ASSETCATALOG_COMPILER_APPICON_NAME = AppIcon;
				INFOPLIST_FILE = "hire-ios-test/Info.plist";
				LD_RUNPATH_SEARCH_PATHS = "$(inherited) @executable_path/Frameworks";
				PRODUCT_BUNDLE_IDENTIFIER = "com.myaots.hire-ios-test";
				PRODUCT_NAME = "$(TARGET_NAME)";
			};
			name = Release;
		};
		BCE3A08C1D71E1EC004DAB2A /* Debug */ = {
			isa = XCBuildConfiguration;
			baseConfigurationReference = 38832E0037201985D734B95E /* Pods-hire-ios-testTests.debug.xcconfig */;
			buildSettings = {
				BUNDLE_LOADER = "$(TEST_HOST)";
				INFOPLIST_FILE = "hire-ios-testTests/Info.plist";
				LD_RUNPATH_SEARCH_PATHS = "$(inherited) @executable_path/Frameworks @loader_path/Frameworks";
				PRODUCT_BUNDLE_IDENTIFIER = "com.myaots.hire-ios-testTests";
				PRODUCT_NAME = "$(TARGET_NAME)";
				TEST_HOST = "$(BUILT_PRODUCTS_DIR)/hire-ios-test.app/hire-ios-test";
			};
			name = Debug;
		};
		BCE3A08D1D71E1EC004DAB2A /* Release */ = {
			isa = XCBuildConfiguration;
			baseConfigurationReference = 216832974D76723DE0CD00D7 /* Pods-hire-ios-testTests.release.xcconfig */;
			buildSettings = {
				BUNDLE_LOADER = "$(TEST_HOST)";
				INFOPLIST_FILE = "hire-ios-testTests/Info.plist";
				LD_RUNPATH_SEARCH_PATHS = "$(inherited) @executable_path/Frameworks @loader_path/Frameworks";
				PRODUCT_BUNDLE_IDENTIFIER = "com.myaots.hire-ios-testTests";
				PRODUCT_NAME = "$(TARGET_NAME)";
				TEST_HOST = "$(BUILT_PRODUCTS_DIR)/hire-ios-test.app/hire-ios-test";
			};
			name = Release;
		};
/* End XCBuildConfiguration section */

/* Begin XCConfigurationList section */
		BCE3A0661D71E1EB004DAB2A /* Build configuration list for PBXProject "hire-ios-test" */ = {
			isa = XCConfigurationList;
			buildConfigurations = (
				BCE3A0861D71E1EC004DAB2A /* Debug */,
				BCE3A0871D71E1EC004DAB2A /* Release */,
			);
			defaultConfigurationIsVisible = 0;
			defaultConfigurationName = Release;
		};
		BCE3A0881D71E1EC004DAB2A /* Build configuration list for PBXNativeTarget "hire-ios-test" */ = {
			isa = XCConfigurationList;
			buildConfigurations = (
				BCE3A0891D71E1EC004DAB2A /* Debug */,
				BCE3A08A1D71E1EC004DAB2A /* Release */,
			);
			defaultConfigurationIsVisible = 0;
			defaultConfigurationName = Release;
		};
		BCE3A08B1D71E1EC004DAB2A /* Build configuration list for PBXNativeTarget "hire-ios-testTests" */ = {
			isa = XCConfigurationList;
			buildConfigurations = (
				BCE3A08C1D71E1EC004DAB2A /* Debug */,
				BCE3A08D1D71E1EC004DAB2A /* Release */,
			);
			defaultConfigurationIsVisible = 0;
			defaultConfigurationName = Release;
		};
/* End XCConfigurationList section */
	};
	rootObject = BCE3A0631D71E1EB004DAB2A /* Project object */;
}
