// !$*UTF8*$!
{
	archiveVersion = 1;
	classes = {
	};
	objectVersion = 46;
	objects = {

/* Begin PBXBuildFile section */
		BCE3A06F1D71E1EB004DAB2A /* AppDelegate.swift in Sources */ = {isa = PBXBuildFile; fileRef = BCE3A06E1D71E1EB004DAB2A /* AppDelegate.swift */; };
		BCE3A0711D71E1EB004DAB2A /* ViewController.swift in Sources */ = {isa = PBXBuildFile; fileRef = BCE3A0701D71E1EB004DAB2A /* ViewController.swift */; };
		BCE3A0741D71E1EB004DAB2A /* Main.storyboard in Resources */ = {isa = PBXBuildFile; fileRef = BCE3A0721D71E1EB004DAB2A /* Main.storyboard */; };
		BCE3A0761D71E1EB004DAB2A /* Assets.xcassets in Resources */ = {isa = PBXBuildFile; fileRef = BCE3A0751D71E1EB004DAB2A /* Assets.xcassets */; };
		BCE3A0791D71E1EB004DAB2A /* LaunchScreen.storyboard in Resources */ = {isa = PBXBuildFile; fileRef = BCE3A0771D71E1EB004DAB2A /* LaunchScreen.storyboard */; };
		BCE3A0841D71E1EC004DAB2A /* hire_ios_testTests.swift in Sources */ = {isa = PBXBuildFile; fileRef = BCE3A0831D71E1EC004DAB2A /* hire_ios_testTests.swift */; };
/* End PBXBuildFile section */

/* Begin PBXContainerItemProxy section */
		BCE3A0801D71E1EC004DAB2A /* PBXContainerItemProxy */ = {
			isa = PBXContainerItemProxy;
			containerPortal = BCE3A0631D71E1EB004DAB2A /* Project object */;
			proxyType = 1;
			remoteGlobalIDString = BCE3A06A1D71E1EB004DAB2A;
			remoteInfo = "hire-ios-test";
		};
/* End PBXContainerItemProxy section */

/* Begin PBXFileReference section */
		BCE3A06B1D71E1EB004DAB2A /* hire-ios-test.app */ = {isa = PBXFileReference; explicitFileType = wrapper.application; includeInIndex = 0; path = "hire-ios-test.app"; sourceTree = BUILT_PRODUCTS_DIR; };
		BCE3A06E1D71E1EB004DAB2A /* AppDelegate.swift */ = {isa = PBXFileReference; lastKnownFileType = sourcecode.swift; path = AppDelegate.swift; sourceTree = "<group>"; };
		BCE3A0701D71E1EB004DAB2A /* ViewController.swift */ = {isa = PBXFileReference; lastKnownFileType = sourcecode.swift; path = ViewController.swift; sourceTree = "<group>"; };
		BCE3A0731D71E1EB004DAB2A /* Base */ = {isa = PBXFileReference; lastKnownFileType = file.storyboard; name = Base; path = Base.lproj/Main.storyboard; sourceTree = "<group>"; };
		BCE3A0751D71E1EB004DAB2A /* Assets.xcassets */ = {isa = PBXFileReference; lastKnownFileType = folder.assetcatalog; path = Assets.xcassets; sourceTree = "<group>"; };
		BCE3A0781D71E1EB004DAB2A /* Base */ = {isa = PBXFileReference; lastKnownFileType = file.storyboard; name = Base; path = Base.lproj/LaunchScreen.storyboard; sourceTree = "<group>"; };
		BCE3A07A1D71E1EB004DAB2A /* Info.plist */ = {isa = PBXFileReference; lastKnownFileType = text.plist.xml; path = Info.plist; sourceTree = "<group>"; };
		BCE3A07F1D71E1EC004DAB2A /* hire-ios-testTests.xctest */ = {isa = PBXFileReference; explicitFileType = wrapper.cfbundle; includeInIndex = 0; path = "hire-ios-testTests.xctest"; sourceTree = BUILT_PRODUCTS_DIR; };
		BCE3A0831D71E1EC004DAB2A /* hire_ios_testTests.swift */ = {isa = PBXFileReference; lastKnownFileType = sourcecode.swift; path = hire_ios_testTests.swift; sourceTree = "<group>"; };
		BCE3A0851D71E1EC004DAB2A /* Info.plist */ = {isa = PBXFileReference; lastKnownFileType = text.plist.xml; path = Info.plist; sourceTree = "<group>"; };
/* End PBXFileReference section */

/* Begin PBXFrameworksBuildPhase section */
		BCE3A0681D71E1EB004DAB2A /* Frameworks */ = {
			isa = PBXFrameworksBuildPhase;
			buildActionMask = 2147483647;
			files = (
			);
			runOnlyForDeploymentPostprocessing = 0;
		};
		BCE3A07C1D71E1EC004DAB2A /* Frameworks */ = {
			isa = PBXFrameworksBuildPhase;
			buildActionMask = 2147483647;
			files = (
			);
			runOnlyForDeploymentPostprocessing = 0;
		};
/* End PBXFrameworksBuildPhase section */

/* Begin PBXGroup section */
		BCE3A0621D71E1EB004DAB2A = {
			isa = PBXGroup;
			children = (
				BCE3A06D1D71E1EB004DAB2A /* hire-ios-test */,
				BCE3A0821D71E1EC004DAB2A /* hire-ios-testTests */,
				BCE3A06C1D71E1EB004DAB2A /* Products */,
			);
			sourceTree = "<group>";
		};
		BCE3A06C1D71E1EB004DAB2A /* Products */ = {
			isa = PBXGroup;
			children = (
				BCE3A06B1D71E1EB004DAB2A /* hire-ios-test.app */,
				BCE3A07F1D71E1EC004DAB2A /* hire-ios-testTests.xctest */,
			);
			name = Products;
			sourceTree = "<group>";
		};
		BCE3A06D1D71E1EB004DAB2A /* hire-ios-test */ = {
			isa = PBXGroup;
			children = (
				BCE3A06E1D71E1EB004DAB2A /* AppDelegate.swift */,
				BCE3A0701D71E1EB004DAB2A /* ViewController.swift */,
				BCE3A0721D71E1EB004DAB2A /* Main.storyboard */,
				BCE3A0751D71E1EB004DAB2A /* Assets.xcassets */,
				BCE3A0771D71E1EB004DAB2A /* LaunchScreen.storyboard */,
				BCE3A07A1D71E1EB004DAB2A /* Info.plist */,
			);
			path = "hire-ios-test";
			sourceTree = "<group>";
		};
		BCE3A0821D71E1EC004DAB2A /* hire-ios-testTests */ = {
			isa = PBXGroup;
			children = (
				BCE3A0831D71E1EC004DAB2A /* hire_ios_testTests.swift */,
				BCE3A0851D71E1EC004DAB2A /* Info.plist */,
			);
			path = "hire-ios-testTests";
			sourceTree = "<group>";
		};
/* End PBXGroup section */

/* Begin PBXNativeTarget section */
		BCE3A06A1D71E1EB004DAB2A /* hire-ios-test */ = {
			isa = PBXNativeTarget;
			buildConfigurationList = BCE3A0881D71E1EC004DAB2A /* Build configuration list for PBXNativeTarget "hire-ios-test" */;
			buildPhases = (
				BCE3A0671D71E1EB004DAB2A /* Sources */,
				BCE3A0681D71E1EB004DAB2A /* Frameworks */,
				BCE3A0691D71E1EB004DAB2A /* Resources */,
			);
			buildRules = (
			);
			dependencies = (
			);
			name = "hire-ios-test";
			productName = "hire-ios-test";
			productReference = BCE3A06B1D71E1EB004DAB2A /* hire-ios-test.app */;
			productType = "com.apple.product-type.application";
		};
		BCE3A07E1D71E1EC004DAB2A /* hire-ios-testTests */ = {
			isa = PBXNativeTarget;
			buildConfigurationList = BCE3A08B1D71E1EC004DAB2A /* Build configuration list for PBXNativeTarget "hire-ios-testTests" */;
			buildPhases = (
				BCE3A07B1D71E1EC004DAB2A /* Sources */,
				BCE3A07C1D71E1EC004DAB2A /* Frameworks */,
				BCE3A07D1D71E1EC004DAB2A /* Resources */,
			);
			buildRules = (
			);
			dependencies = (
				BCE3A0811D71E1EC004DAB2A /* PBXTargetDependency */,
			);
			name = "hire-ios-testTests";
			productName = "hire-ios-testTests";
			productReference = BCE3A07F1D71E1EC004DAB2A /* hire-ios-testTests.xctest */;
			productType = "com.apple.product-type.bundle.unit-test";
		};
/* End PBXNativeTarget section */

/* Begin PBXProject section */
		BCE3A0631D71E1EB004DAB2A /* Project object */ = {
			isa = PBXProject;
			attributes = {
				LastSwiftUpdateCheck = 0730;
				LastUpgradeCheck = 0730;
				ORGANIZATIONNAME = amyaots;
				TargetAttributes = {
					BCE3A06A1D71E1EB004DAB2A = {
						CreatedOnToolsVersion = 7.3.1;
					};
					BCE3A07E1D71E1EC004DAB2A = {
						CreatedOnToolsVersion = 7.3.1;
						TestTargetID = BCE3A06A1D71E1EB004DAB2A;
					};
				};
			};
			buildConfigurationList = BCE3A0661D71E1EB004DAB2A /* Build configuration list for PBXProject "hire-ios-test" */;
			compatibilityVersion = "Xcode 3.2";
			developmentRegion = English;
			hasScannedForEncodings = 0;
			knownRegions = (
				en,
				Base,
			);
			mainGroup = BCE3A0621D71E1EB004DAB2A;
			productRefGroup = BCE3A06C1D71E1EB004DAB2A /* Products */;
			projectDirPath = "";
			projectRoot = "";
			targets = (
				BCE3A06A1D71E1EB004DAB2A /* hire-ios-test */,
				BCE3A07E1D71E1EC004DAB2A /* hire-ios-testTests */,
			);
		};
/* End PBXProject section */

/* Begin PBXResourcesBuildPhase section */
		BCE3A0691D71E1EB004DAB2A /* Resources */ = {
			isa = PBXResourcesBuildPhase;
			buildActionMask = 2147483647;
			files = (
				BCE3A0791D71E1EB004DAB2A /* LaunchScreen.storyboard in Resources */,
				BCE3A0761D71E1EB004DAB2A /* Assets.xcassets in Resources */,
				BCE3A0741D71E1EB004DAB2A /* Main.storyboard in Resources */,
			);
			runOnlyForDeploymentPostprocessing = 0;
		};
		BCE3A07D1D71E1EC004DAB2A /* Resources */ = {
			isa = PBXResourcesBuildPhase;
			buildActionMask = 2147483647;
			files = (
			);
			runOnlyForDeploymentPostprocessing = 0;
		};
/* End PBXResourcesBuildPhase section */

/* Begin PBXSourcesBuildPhase section */
		BCE3A0671D71E1EB004DAB2A /* Sources */ = {
			isa = PBXSourcesBuildPhase;
			buildActionMask = 2147483647;
			files = (
				BCE3A0711D71E1EB004DAB2A /* ViewController.swift in Sources */,
				BCE3A06F1D71E1EB004DAB2A /* AppDelegate.swift in Sources */,
			);
			runOnlyForDeploymentPostprocessing = 0;
		};
		BCE3A07B1D71E1EC004DAB2A /* Sources */ = {
			isa = PBXSourcesBuildPhase;
			buildActionMask = 2147483647;
			files = (
				BCE3A0841D71E1EC004DAB2A /* hire_ios_testTests.swift in Sources */,
			);
			runOnlyForDeploymentPostprocessing = 0;
		};
/* End PBXSourcesBuildPhase section */

/* Begin PBXTargetDependency section */
		BCE3A0811D71E1EC004DAB2A /* PBXTargetDependency */ = {
			isa = PBXTargetDependency;
			target = BCE3A06A1D71E1EB004DAB2A /* hire-ios-test */;
			targetProxy = BCE3A0801D71E1EC004DAB2A /* PBXContainerItemProxy */;
		};
/* End PBXTargetDependency section */

/* Begin PBXVariantGroup section */
		BCE3A0721D71E1EB004DAB2A /* Main.storyboard */ = {
			isa = PBXVariantGroup;
			children = (
				BCE3A0731D71E1EB004DAB2A /* Base */,
			);
			name = Main.storyboard;
			sourceTree = "<group>";
		};
		BCE3A0771D71E1EB004DAB2A /* LaunchScreen.storyboard */ = {
			isa = PBXVariantGroup;
			children = (
				BCE3A0781D71E1EB004DAB2A /* Base */,
			);
			name = LaunchScreen.storyboard;
			sourceTree = "<group>";
		};
/* End PBXVariantGroup section */

/* Begin XCBuildConfiguration section */
		BCE3A0861D71E1EC004DAB2A /* Debug */ = {
			isa = XCBuildConfiguration;
			buildSettings = {
				ALWAYS_SEARCH_USER_PATHS = NO;
				CLANG_ANALYZER_NONNULL = YES;
				CLANG_CXX_LANGUAGE_STANDARD = "gnu++0x";
				CLANG_CXX_LIBRARY = "libc++";
				CLANG_ENABLE_MODULES = YES;
				CLANG_ENABLE_OBJC_ARC = YES;
				CLANG_WARN_BOOL_CONVERSION = YES;
				CLANG_WARN_CONSTANT_CONVERSION = YES;
				CLANG_WARN_DIRECT_OBJC_ISA_USAGE = YES_ERROR;
				CLANG_WARN_EMPTY_BODY = YES;
				CLANG_WARN_ENUM_CONVERSION = YES;
				CLANG_WARN_INT_CONVERSION = YES;
				CLANG_WARN_OBJC_ROOT_CLASS = YES_ERROR;
				CLANG_WARN_UNREACHABLE_CODE = YES;
				CLANG_WARN__DUPLICATE_METHOD_MATCH = YES;
				"CODE_SIGN_IDENTITY[sdk=iphoneos*]" = "iPhone Developer";
				COPY_PHASE_STRIP = NO;
				DEBUG_INFORMATION_FORMAT = dwarf;
				ENABLE_STRICT_OBJC_MSGSEND = YES;
				ENABLE_TESTABILITY = YES;
				GCC_C_LANGUAGE_STANDARD = gnu99;
				GCC_DYNAMIC_NO_PIC = NO;
				GCC_NO_COMMON_BLOCKS = YES;
				GCC_OPTIMIZATION_LEVEL = 0;
				GCC_PREPROCESSOR_DEFINITIONS = (
					"DEBUG=1",
					"$(inherited)",
				);
				GCC_WARN_64_TO_32_BIT_CONVERSION = YES;
				GCC_WARN_ABOUT_RETURN_TYPE = YES_ERROR;
				GCC_WARN_UNDECLARED_SELECTOR = YES;
				GCC_WARN_UNINITIALIZED_AUTOS = YES_AGGRESSIVE;
				GCC_WARN_UNUSED_FUNCTION = YES;
				GCC_WARN_UNUSED_VARIABLE = YES;
				IPHONEOS_DEPLOYMENT_TARGET = 9.3;
				MTL_ENABLE_DEBUG_INFO = YES;
				ONLY_ACTIVE_ARCH = YES;
				SDKROOT = iphoneos;
				SWIFT_OPTIMIZATION_LEVEL = "-Onone";
				TARGETED_DEVICE_FAMILY = "1,2";
			};
			name = Debug;
		};
		BCE3A0871D71E1EC004DAB2A /* Release */ = {
			isa = XCBuildConfiguration;
			buildSettings = {
				ALWAYS_SEARCH_USER_PATHS = NO;
				CLANG_ANALYZER_NONNULL = YES;
				CLANG_CXX_LANGUAGE_STANDARD = "gnu++0x";
				CLANG_CXX_LIBRARY = "libc++";
				CLANG_ENABLE_MODULES = YES;
				CLANG_ENABLE_OBJC_ARC = YES;
				CLANG_WARN_BOOL_CONVERSION = YES;
				CLANG_WARN_CONSTANT_CONVERSION = YES;
				CLANG_WARN_DIRECT_OBJC_ISA_USAGE = YES_ERROR;
				CLANG_WARN_EMPTY_BODY = YES;
				CLANG_WARN_ENUM_CONVERSION = YES;
				CLANG_WARN_INT_CONVERSION = YES;
				CLANG_WARN_OBJC_ROOT_CLASS = YES_ERROR;
				CLANG_WARN_UNREACHABLE_CODE = YES;
				CLANG_WARN__DUPLICATE_METHOD_MATCH = YES;
				"CODE_SIGN_IDENTITY[sdk=iphoneos*]" = "iPhone Developer";
				COPY_PHASE_STRIP = NO;
				DEBUG_INFORMATION_FORMAT = "dwarf-with-dsym";
				ENABLE_NS_ASSERTIONS = NO;
				ENABLE_STRICT_OBJC_MSGSEND = YES;
				GCC_C_LANGUAGE_STANDARD = gnu99;
				GCC_NO_COMMON_BLOCKS = YES;
				GCC_WARN_64_TO_32_BIT_CONVERSION = YES;
				GCC_WARN_ABOUT_RETURN_TYPE = YES_ERROR;
				GCC_WARN_UNDECLARED_SELECTOR = YES;
				GCC_WARN_UNINITIALIZED_AUTOS = YES_AGGRESSIVE;
				GCC_WARN_UNUSED_FUNCTION = YES;
				GCC_WARN_UNUSED_VARIABLE = YES;
				IPHONEOS_DEPLOYMENT_TARGET = 9.3;
				MTL_ENABLE_DEBUG_INFO = NO;
				SDKROOT = iphoneos;
				TARGETED_DEVICE_FAMILY = "1,2";
				VALIDATE_PRODUCT = YES;
			};
			name = Release;
		};
		BCE3A0891D71E1EC004DAB2A /* Debug */ = {
			isa = XCBuildConfiguration;
			buildSettings = {
				ASSETCATALOG_COMPILER_APPICON_NAME = AppIcon;
				INFOPLIST_FILE = "hire-ios-test/Info.plist";
				LD_RUNPATH_SEARCH_PATHS = "$(inherited) @executable_path/Frameworks";
				PRODUCT_BUNDLE_IDENTIFIER = "com.myaots.hire-ios-test";
				PRODUCT_NAME = "$(TARGET_NAME)";
			};
			name = Debug;
		};
		BCE3A08A1D71E1EC004DAB2A /* Release */ = {
			isa = XCBuildConfiguration;
			buildSettings = {
				ASSETCATALOG_COMPILER_APPICON_NAME = AppIcon;
				INFOPLIST_FILE = "hire-ios-test/Info.plist";
				LD_RUNPATH_SEARCH_PATHS = "$(inherited) @executable_path/Frameworks";
				PRODUCT_BUNDLE_IDENTIFIER = "com.myaots.hire-ios-test";
				PRODUCT_NAME = "$(TARGET_NAME)";
			};
			name = Release;
		};
		BCE3A08C1D71E1EC004DAB2A /* Debug */ = {
			isa = XCBuildConfiguration;
			buildSettings = {
				BUNDLE_LOADER = "$(TEST_HOST)";
				INFOPLIST_FILE = "hire-ios-testTests/Info.plist";
				LD_RUNPATH_SEARCH_PATHS = "$(inherited) @executable_path/Frameworks @loader_path/Frameworks";
				PRODUCT_BUNDLE_IDENTIFIER = "com.myaots.hire-ios-testTests";
				PRODUCT_NAME = "$(TARGET_NAME)";
				TEST_HOST = "$(BUILT_PRODUCTS_DIR)/hire-ios-test.app/hire-ios-test";
			};
			name = Debug;
		};
		BCE3A08D1D71E1EC004DAB2A /* Release */ = {
			isa = XCBuildConfiguration;
			buildSettings = {
				BUNDLE_LOADER = "$(TEST_HOST)";
				INFOPLIST_FILE = "hire-ios-testTests/Info.plist";
				LD_RUNPATH_SEARCH_PATHS = "$(inherited) @executable_path/Frameworks @loader_path/Frameworks";
				PRODUCT_BUNDLE_IDENTIFIER = "com.myaots.hire-ios-testTests";
				PRODUCT_NAME = "$(TARGET_NAME)";
				TEST_HOST = "$(BUILT_PRODUCTS_DIR)/hire-ios-test.app/hire-ios-test";
			};
			name = Release;
		};
/* End XCBuildConfiguration section */

/* Begin XCConfigurationList section */
		BCE3A0661D71E1EB004DAB2A /* Build configuration list for PBXProject "hire-ios-test" */ = {
			isa = XCConfigurationList;
			buildConfigurations = (
				BCE3A0861D71E1EC004DAB2A /* Debug */,
				BCE3A0871D71E1EC004DAB2A /* Release */,
			);
			defaultConfigurationIsVisible = 0;
			defaultConfigurationName = Release;
		};
		BCE3A0881D71E1EC004DAB2A /* Build configuration list for PBXNativeTarget "hire-ios-test" */ = {
			isa = XCConfigurationList;
			buildConfigurations = (
				BCE3A0891D71E1EC004DAB2A /* Debug */,
				BCE3A08A1D71E1EC004DAB2A /* Release */,
			);
			defaultConfigurationIsVisible = 0;
		};
		BCE3A08B1D71E1EC004DAB2A /* Build configuration list for PBXNativeTarget "hire-ios-testTests" */ = {
			isa = XCConfigurationList;
			buildConfigurations = (
				BCE3A08C1D71E1EC004DAB2A /* Debug */,
				BCE3A08D1D71E1EC004DAB2A /* Release */,
			);
			defaultConfigurationIsVisible = 0;
		};
/* End XCConfigurationList section */
	};
	rootObject = BCE3A0631D71E1EB004DAB2A /* Project object */;
}
